<Solution>
  <Folder Name="/src/">
    <Project Path="src/FactFoundry.TelemetryForge.Server/FactFoundry.TelemetryForge.Server.csproj" />
  </Folder>
  <Folder Name="/tests/">
    <Project Path="tests/FactFoundry.TelemetryForge.Tests/FactFoundry.TelemetryForge.Tests.csproj" />
  </Folder>
</Solution>
